// !$*UTF8*$!
{
	archiveVersion = 1;
	classes = {
	};
	objectVersion = 46;
	objects = {

/* Begin PBXBuildFile section */
		49AEDC4E8A5A77692C356D30 /* Pods_CityGame.framework in Frameworks */ = {isa = PBXBuildFile; fileRef = AF88123AC6308BDEBE14A6CA /* Pods_CityGame.framework */; };
		7BDF6BA72252B67F005D0D54 /* Localizable.strings in Resources */ = {isa = PBXBuildFile; fileRef = 7BDF6BA52252B67F005D0D54 /* Localizable.strings */; };
		8C7AA012E4647B3CF8D211D5 /* GoogleService-Info.plist in Resources */ = {isa = PBXBuildFile; fileRef = 8C7AAE690E7E6F9095EC7C68 /* GoogleService-Info.plist */; };
		8C7AA082A523B7F0C2A6A5C1 /* MainFlowController.swift in Sources */ = {isa = PBXBuildFile; fileRef = 8C7AACD0662AE187DB6EE609 /* MainFlowController.swift */; };
		8C7AA0E32A8931CB4A90CEBA /* PersonDetailsRegistrationViewModel.swift in Sources */ = {isa = PBXBuildFile; fileRef = 8C7AA99721E6E933BDB0C93D /* PersonDetailsRegistrationViewModel.swift */; };
		8C7AA15D1953EF6E9F2E6C6B /* PersonDetailsRegistrationView.swift in Sources */ = {isa = PBXBuildFile; fileRef = 8C7AAFDD53CEF9FD143DE306 /* PersonDetailsRegistrationView.swift */; };
		8C7AA1635CB320BF41FC7418 /* FriendsTableViewController.swift in Sources */ = {isa = PBXBuildFile; fileRef = 8C7AAFAD829F4301EC4B8D6D /* FriendsTableViewController.swift */; };
		8C7AA1B7166FCCB43B753EC8 /* CGFloat+sketchSize.swift in Sources */ = {isa = PBXBuildFile; fileRef = 8C7AA4562845F786A676522B /* CGFloat+sketchSize.swift */; };
		8C7AA2E4BA99CA11A1CB50BD /* DateFormatter.swift in Sources */ = {isa = PBXBuildFile; fileRef = 8C7AA18E544B97FAEB031377 /* DateFormatter.swift */; };
		8C7AA30C59CE1BA44DCDCBE1 /* FriendTableViewCell.swift in Sources */ = {isa = PBXBuildFile; fileRef = 8C7AAD1611A6145F09133251 /* FriendTableViewCell.swift */; };
		8C7AA3258F9F1931635D62D7 /* RegisterViewController.swift in Sources */ = {isa = PBXBuildFile; fileRef = 8C7AA5E6B9DF8E2628B06B45 /* RegisterViewController.swift */; };
		8C7AA32E0FF45406F8537A26 /* InitialsCreator.swift in Sources */ = {isa = PBXBuildFile; fileRef = 8C7AA1C4CDDB30167E82C012 /* InitialsCreator.swift */; };
		8C7AA33877B07E6DB7AE0607 /* LaunchScreen.storyboard in Resources */ = {isa = PBXBuildFile; fileRef = 8C7AA45199551694270F7D05 /* LaunchScreen.storyboard */; };
		8C7AA343316191B8C502B6D7 /* UIView+Gradient.swift in Sources */ = {isa = PBXBuildFile; fileRef = 8C7AA8F88DDA4C5EF3A902BE /* UIView+Gradient.swift */; };
		8C7AA35BC887BC081C43A0C3 /* GameFlowController.swift in Sources */ = {isa = PBXBuildFile; fileRef = 8C7AA92A5DAC421365279DE2 /* GameFlowController.swift */; };
		8C7AA37BEBE6C5F27C38FA69 /* LoginViewModel.swift in Sources */ = {isa = PBXBuildFile; fileRef = 8C7AA307D952CC32EE77040C /* LoginViewModel.swift */; };
		8C7AA37DAC857A0A0875105F /* FlowController.swift in Sources */ = {isa = PBXBuildFile; fileRef = 8C7AA9DA5562B78F8A0124BF /* FlowController.swift */; };
		8C7AA381FD7885FD21DD690B /* GroupsTableViewController.swift in Sources */ = {isa = PBXBuildFile; fileRef = 8C7AA2A006C3475024C24112 /* GroupsTableViewController.swift */; };
		8C7AA3885423C6899E4462EF /* UIColorExtension.swift in Sources */ = {isa = PBXBuildFile; fileRef = 8C7AA225B28E0B1F2E570C11 /* UIColorExtension.swift */; };
		8C7AA3CC9420A5401FF6EE20 /* GameView.swift in Sources */ = {isa = PBXBuildFile; fileRef = 8C7AA61A4A5C9B28E76F75A1 /* GameView.swift */; };
		8C7AA3F78FD41FB8F52DBF69 /* WelcomeView.swift in Sources */ = {isa = PBXBuildFile; fileRef = 8C7AAB698AE1162BE33532D1 /* WelcomeView.swift */; };
		8C7AA42B3FE7A013F73EAE27 /* RegisterView.swift in Sources */ = {isa = PBXBuildFile; fileRef = 8C7AA767EB58555E7CA614F3 /* RegisterView.swift */; };
		8C7AA4881941CF6AE1E42D39 /* UserRepository.swift in Sources */ = {isa = PBXBuildFile; fileRef = 8C7AAD90516EE19EB8CFF456 /* UserRepository.swift */; };
		8C7AA4A2194E34FE02344DAF /* RoundedButton.swift in Sources */ = {isa = PBXBuildFile; fileRef = 8C7AA72D76398A8ED180C7AA /* RoundedButton.swift */; };
		8C7AA4D659906002813C5207 /* WelcomeViewModel.swift in Sources */ = {isa = PBXBuildFile; fileRef = 8C7AAC12ECC8E6369A56F06B /* WelcomeViewModel.swift */; };
		8C7AA4DD9ADDAB34C61A24AD /* GroupsViewModel.swift in Sources */ = {isa = PBXBuildFile; fileRef = 8C7AA99BC025F21067A3104E /* GroupsViewModel.swift */; };
		8C7AA4E59C15AC72FFFDA9FC /* Colors.swift in Sources */ = {isa = PBXBuildFile; fileRef = 8C7AA04872C97BB858B66FBD /* Colors.swift */; };
		8C7AA5050FE3588E9087BBA8 /* WelcomeViewController.swift in Sources */ = {isa = PBXBuildFile; fileRef = 8C7AA1677E2FB18448D60A53 /* WelcomeViewController.swift */; };
		8C7AA525713CFDE1DB92A552 /* GameViewModel.swift in Sources */ = {isa = PBXBuildFile; fileRef = 8C7AAA635B38D463FD275124 /* GameViewModel.swift */; };
		8C7AA58767ED22E13978BCBF /* MapView.swift in Sources */ = {isa = PBXBuildFile; fileRef = 8C7AAD9D218B618BBC83FD2A /* MapView.swift */; };
		8C7AA5B91B3D4C011E83C343 /* GameViewController.swift in Sources */ = {isa = PBXBuildFile; fileRef = 8C7AAB63E71E643D73D881AA /* GameViewController.swift */; };
		8C7AA64F893222FD08EDD611 /* GameCollectionViewCell.swift in Sources */ = {isa = PBXBuildFile; fileRef = 8C7AAEE27F4187229120D574 /* GameCollectionViewCell.swift */; };
		8C7AA66E27556E1548EE172A /* PasswordView.swift in Sources */ = {isa = PBXBuildFile; fileRef = 8C7AA98C8AC6FD9D3E68C0C3 /* PasswordView.swift */; };
		8C7AA6AE12FED1AC5BF29848 /* Assets.xcassets in Resources */ = {isa = PBXBuildFile; fileRef = 8C7AAB28D4B3D8418B2DDBD7 /* Assets.xcassets */; };
		8C7AA6CFCBCF0927430184CF /* OnBoardingFlowController.swift in Sources */ = {isa = PBXBuildFile; fileRef = 8C7AADF6A2C43DF9707AEC97 /* OnBoardingFlowController.swift */; };
		8C7AA7450746C75E7814149C /* MapFlowController.swift in Sources */ = {isa = PBXBuildFile; fileRef = 8C7AAC0E353DA0EB9C8B54C0 /* MapFlowController.swift */; };
		8C7AA7758438165B5EE7126A /* PasswordViewModel.swift in Sources */ = {isa = PBXBuildFile; fileRef = 8C7AA3481649D8D096C63430 /* PasswordViewModel.swift */; };
		8C7AA7A2B0857962EE479771 /* AppDelegate.swift in Sources */ = {isa = PBXBuildFile; fileRef = 8C7AA0EB86A3D9B855185175 /* AppDelegate.swift */; };
		8C7AA7DBD9A2CAD2CAC7F4ED /* PersonDetailsRegistrationViewController.swift in Sources */ = {isa = PBXBuildFile; fileRef = 8C7AA292CC396860CCE31939 /* PersonDetailsRegistrationViewController.swift */; };
		8C7AA9724271A58FA150BD94 /* FriendCellViewModel.swift in Sources */ = {isa = PBXBuildFile; fileRef = 8C7AA1D31809A3F9602F36D4 /* FriendCellViewModel.swift */; };
		8C7AAA538714735C26CC4723 /* InitialCircleView.swift in Sources */ = {isa = PBXBuildFile; fileRef = 8C7AAD582DD70EB64FBCEA4D /* InitialCircleView.swift */; };
		8C7AAAF37A832647DDBFB7DC /* String+Localizable.swift in Sources */ = {isa = PBXBuildFile; fileRef = 8C7AA91DC9207B655A871D59 /* String+Localizable.swift */; };
		8C7AAB1BBB339F68A6CDC0E5 /* Friend.swift in Sources */ = {isa = PBXBuildFile; fileRef = 8C7AAD0E20195396BB666E81 /* Friend.swift */; };
		8C7AAB5D89BDD4B342754D94 /* NetworkManager.swift in Sources */ = {isa = PBXBuildFile; fileRef = 8C7AA66CA7DBC1CAE217C958 /* NetworkManager.swift */; };
		8C7AABCDD09E658D2C80969E /* MapViewModel.swift in Sources */ = {isa = PBXBuildFile; fileRef = 8C7AA0D34CEAE7DE026AC2F8 /* MapViewModel.swift */; };
		8C7AAC044AC4593242DD2026 /* LoginViewController.swift in Sources */ = {isa = PBXBuildFile; fileRef = 8C7AA6DF35D00767864027B6 /* LoginViewController.swift */; };
		8C7AAC50741CACF4C9FF0C2B /* FriendsViewModel.swift in Sources */ = {isa = PBXBuildFile; fileRef = 8C7AAEA0CF3098B0DD412F0C /* FriendsViewModel.swift */; };
		8C7AACA8372761F3B57438F2 /* UIView+Snapkit.swift in Sources */ = {isa = PBXBuildFile; fileRef = 8C7AA87D3AE48FC5196654EB /* UIView+Snapkit.swift */; };
		8C7AACD9F2540989A33EE6D6 /* Int+sketchSize.swift in Sources */ = {isa = PBXBuildFile; fileRef = 8C7AAE0467F926AE2AADE31F /* Int+sketchSize.swift */; };
		8C7AACE87FCC55587EDF1E8E /* PasswordViewController.swift in Sources */ = {isa = PBXBuildFile; fileRef = 8C7AA5995BBB3031E211B094 /* PasswordViewController.swift */; };
		8C7AAD5FBF29F5AE5A7F6838 /* MainTabBarController.swift in Sources */ = {isa = PBXBuildFile; fileRef = 8C7AADF1093428D06F10143B /* MainTabBarController.swift */; };
		8C7AAD69B30BF1C40B33453B /* MapViewController.swift in Sources */ = {isa = PBXBuildFile; fileRef = 8C7AA503C4618B382EC769B5 /* MapViewController.swift */; };
		8C7AAE9D2EA2249FF0AD26B2 /* RegisterViewModel.swift in Sources */ = {isa = PBXBuildFile; fileRef = 8C7AAD3CF3B289EBC61399C4 /* RegisterViewModel.swift */; };
		8C7AAEFA92FC801F60F53D12 /* Group.swift in Sources */ = {isa = PBXBuildFile; fileRef = 8C7AA793466E9D1CEB1293EC /* Group.swift */; };
		8C7AAF7B681A2FE1D6AD26E4 /* LoginView.swift in Sources */ = {isa = PBXBuildFile; fileRef = 8C7AA68B7E72049DCD338EA7 /* LoginView.swift */; };
		8C7AAFAB84FBD62EC7BA6AEC /* SkyFloating+Color.swift in Sources */ = {isa = PBXBuildFile; fileRef = 8C7AA97636BAAB28F52AD47F /* SkyFloating+Color.swift */; };
/* End PBXBuildFile section */

/* Begin PBXFileReference section */
		5375B4DF4584E77E7007F4CB /* Pods-CityGame.debug.xcconfig */ = {isa = PBXFileReference; includeInIndex = 1; lastKnownFileType = text.xcconfig; name = "Pods-CityGame.debug.xcconfig"; path = "Pods/Target Support Files/Pods-CityGame/Pods-CityGame.debug.xcconfig"; sourceTree = "<group>"; };
		7BDF6B9E2252B46D005D0D54 /* pl */ = {isa = PBXFileReference; lastKnownFileType = text.plist.strings; name = pl; path = pl.lproj/LaunchScreen.strings; sourceTree = "<group>"; };
		7BDF6BA62252B67F005D0D54 /* Base */ = {isa = PBXFileReference; lastKnownFileType = text.plist.strings; name = Base; path = Base.lproj/Localizable.strings; sourceTree = "<group>"; };
		7BDF6BA82252B687005D0D54 /* pl */ = {isa = PBXFileReference; lastKnownFileType = text.plist.strings; name = pl; path = pl.lproj/Localizable.strings; sourceTree = "<group>"; };
		8C7AA04872C97BB858B66FBD /* Colors.swift */ = {isa = PBXFileReference; fileEncoding = 4; lastKnownFileType = sourcecode.swift; path = Colors.swift; sourceTree = "<group>"; };
		8C7AA0D34CEAE7DE026AC2F8 /* MapViewModel.swift */ = {isa = PBXFileReference; fileEncoding = 4; lastKnownFileType = sourcecode.swift; path = MapViewModel.swift; sourceTree = "<group>"; };
		8C7AA0EB86A3D9B855185175 /* AppDelegate.swift */ = {isa = PBXFileReference; lastKnownFileType = sourcecode.swift; path = AppDelegate.swift; sourceTree = "<group>"; };
		8C7AA1677E2FB18448D60A53 /* WelcomeViewController.swift */ = {isa = PBXFileReference; fileEncoding = 4; lastKnownFileType = sourcecode.swift; path = WelcomeViewController.swift; sourceTree = "<group>"; };
		8C7AA18E544B97FAEB031377 /* DateFormatter.swift */ = {isa = PBXFileReference; fileEncoding = 4; lastKnownFileType = sourcecode.swift; path = DateFormatter.swift; sourceTree = "<group>"; };
		8C7AA1C4CDDB30167E82C012 /* InitialsCreator.swift */ = {isa = PBXFileReference; fileEncoding = 4; lastKnownFileType = sourcecode.swift; path = InitialsCreator.swift; sourceTree = "<group>"; };
		8C7AA1D31809A3F9602F36D4 /* FriendCellViewModel.swift */ = {isa = PBXFileReference; fileEncoding = 4; lastKnownFileType = sourcecode.swift; path = FriendCellViewModel.swift; sourceTree = "<group>"; };
		8C7AA225B28E0B1F2E570C11 /* UIColorExtension.swift */ = {isa = PBXFileReference; fileEncoding = 4; lastKnownFileType = sourcecode.swift; path = UIColorExtension.swift; sourceTree = "<group>"; };
		8C7AA292CC396860CCE31939 /* PersonDetailsRegistrationViewController.swift */ = {isa = PBXFileReference; fileEncoding = 4; lastKnownFileType = sourcecode.swift; path = PersonDetailsRegistrationViewController.swift; sourceTree = "<group>"; };
		8C7AA2A006C3475024C24112 /* GroupsTableViewController.swift */ = {isa = PBXFileReference; fileEncoding = 4; lastKnownFileType = sourcecode.swift; path = GroupsTableViewController.swift; sourceTree = "<group>"; };
		8C7AA307D952CC32EE77040C /* LoginViewModel.swift */ = {isa = PBXFileReference; fileEncoding = 4; lastKnownFileType = sourcecode.swift; path = LoginViewModel.swift; sourceTree = "<group>"; };
		8C7AA3481649D8D096C63430 /* PasswordViewModel.swift */ = {isa = PBXFileReference; fileEncoding = 4; lastKnownFileType = sourcecode.swift; path = PasswordViewModel.swift; sourceTree = "<group>"; };
		8C7AA40C1A4368E96F0E9684 /* CityGame.app */ = {isa = PBXFileReference; explicitFileType = wrapper.application; includeInIndex = 0; path = CityGame.app; sourceTree = BUILT_PRODUCTS_DIR; };
		8C7AA4562845F786A676522B /* CGFloat+sketchSize.swift */ = {isa = PBXFileReference; fileEncoding = 4; lastKnownFileType = sourcecode.swift; path = "CGFloat+sketchSize.swift"; sourceTree = "<group>"; };
		8C7AA503C4618B382EC769B5 /* MapViewController.swift */ = {isa = PBXFileReference; fileEncoding = 4; lastKnownFileType = sourcecode.swift; path = MapViewController.swift; sourceTree = "<group>"; };
		8C7AA5995BBB3031E211B094 /* PasswordViewController.swift */ = {isa = PBXFileReference; fileEncoding = 4; lastKnownFileType = sourcecode.swift; path = PasswordViewController.swift; sourceTree = "<group>"; };
		8C7AA5E6B9DF8E2628B06B45 /* RegisterViewController.swift */ = {isa = PBXFileReference; fileEncoding = 4; lastKnownFileType = sourcecode.swift; path = RegisterViewController.swift; sourceTree = "<group>"; };
		8C7AA61A4A5C9B28E76F75A1 /* GameView.swift */ = {isa = PBXFileReference; fileEncoding = 4; lastKnownFileType = sourcecode.swift; path = GameView.swift; sourceTree = "<group>"; };
		8C7AA66CA7DBC1CAE217C958 /* NetworkManager.swift */ = {isa = PBXFileReference; fileEncoding = 4; lastKnownFileType = sourcecode.swift; path = NetworkManager.swift; sourceTree = "<group>"; };
		8C7AA68B7E72049DCD338EA7 /* LoginView.swift */ = {isa = PBXFileReference; fileEncoding = 4; lastKnownFileType = sourcecode.swift; path = LoginView.swift; sourceTree = "<group>"; };
		8C7AA6DF35D00767864027B6 /* LoginViewController.swift */ = {isa = PBXFileReference; fileEncoding = 4; lastKnownFileType = sourcecode.swift; path = LoginViewController.swift; sourceTree = "<group>"; };
		8C7AA72D76398A8ED180C7AA /* RoundedButton.swift */ = {isa = PBXFileReference; fileEncoding = 4; lastKnownFileType = sourcecode.swift; path = RoundedButton.swift; sourceTree = "<group>"; };
		8C7AA767EB58555E7CA614F3 /* RegisterView.swift */ = {isa = PBXFileReference; fileEncoding = 4; lastKnownFileType = sourcecode.swift; path = RegisterView.swift; sourceTree = "<group>"; };
		8C7AA793466E9D1CEB1293EC /* Group.swift */ = {isa = PBXFileReference; fileEncoding = 4; lastKnownFileType = sourcecode.swift; path = Group.swift; sourceTree = "<group>"; };
		8C7AA87D3AE48FC5196654EB /* UIView+Snapkit.swift */ = {isa = PBXFileReference; fileEncoding = 4; lastKnownFileType = sourcecode.swift; path = "UIView+Snapkit.swift"; sourceTree = "<group>"; };
		8C7AA8F88DDA4C5EF3A902BE /* UIView+Gradient.swift */ = {isa = PBXFileReference; fileEncoding = 4; lastKnownFileType = sourcecode.swift; path = "UIView+Gradient.swift"; sourceTree = "<group>"; };
		8C7AA91DC9207B655A871D59 /* String+Localizable.swift */ = {isa = PBXFileReference; fileEncoding = 4; lastKnownFileType = sourcecode.swift; path = "String+Localizable.swift"; sourceTree = "<group>"; };
		8C7AA92A5DAC421365279DE2 /* GameFlowController.swift */ = {isa = PBXFileReference; fileEncoding = 4; lastKnownFileType = sourcecode.swift; path = GameFlowController.swift; sourceTree = "<group>"; };
		8C7AA97636BAAB28F52AD47F /* SkyFloating+Color.swift */ = {isa = PBXFileReference; fileEncoding = 4; lastKnownFileType = sourcecode.swift; path = "SkyFloating+Color.swift"; sourceTree = "<group>"; };
		8C7AA98C8AC6FD9D3E68C0C3 /* PasswordView.swift */ = {isa = PBXFileReference; fileEncoding = 4; lastKnownFileType = sourcecode.swift; path = PasswordView.swift; sourceTree = "<group>"; };
		8C7AA99721E6E933BDB0C93D /* PersonDetailsRegistrationViewModel.swift */ = {isa = PBXFileReference; fileEncoding = 4; lastKnownFileType = sourcecode.swift; path = PersonDetailsRegistrationViewModel.swift; sourceTree = "<group>"; };
		8C7AA99BC025F21067A3104E /* GroupsViewModel.swift */ = {isa = PBXFileReference; fileEncoding = 4; lastKnownFileType = sourcecode.swift; path = GroupsViewModel.swift; sourceTree = "<group>"; };
		8C7AA9DA5562B78F8A0124BF /* FlowController.swift */ = {isa = PBXFileReference; fileEncoding = 4; lastKnownFileType = sourcecode.swift; path = FlowController.swift; sourceTree = "<group>"; };
		8C7AAA635B38D463FD275124 /* GameViewModel.swift */ = {isa = PBXFileReference; fileEncoding = 4; lastKnownFileType = sourcecode.swift; path = GameViewModel.swift; sourceTree = "<group>"; };
		8C7AAB28D4B3D8418B2DDBD7 /* Assets.xcassets */ = {isa = PBXFileReference; lastKnownFileType = folder.assetcatalog; path = Assets.xcassets; sourceTree = "<group>"; };
		8C7AAB63E71E643D73D881AA /* GameViewController.swift */ = {isa = PBXFileReference; fileEncoding = 4; lastKnownFileType = sourcecode.swift; path = GameViewController.swift; sourceTree = "<group>"; };
		8C7AAB698AE1162BE33532D1 /* WelcomeView.swift */ = {isa = PBXFileReference; fileEncoding = 4; lastKnownFileType = sourcecode.swift; path = WelcomeView.swift; sourceTree = "<group>"; };
		8C7AAC0E353DA0EB9C8B54C0 /* MapFlowController.swift */ = {isa = PBXFileReference; fileEncoding = 4; lastKnownFileType = sourcecode.swift; path = MapFlowController.swift; sourceTree = "<group>"; };
		8C7AAC12ECC8E6369A56F06B /* WelcomeViewModel.swift */ = {isa = PBXFileReference; fileEncoding = 4; lastKnownFileType = sourcecode.swift; path = WelcomeViewModel.swift; sourceTree = "<group>"; };
		8C7AACD0662AE187DB6EE609 /* MainFlowController.swift */ = {isa = PBXFileReference; fileEncoding = 4; lastKnownFileType = sourcecode.swift; path = MainFlowController.swift; sourceTree = "<group>"; };
		8C7AACE86C6C961616213FF3 /* Info.plist */ = {isa = PBXFileReference; lastKnownFileType = text.plist.info; path = Info.plist; sourceTree = "<group>"; };
		8C7AAD0E20195396BB666E81 /* Friend.swift */ = {isa = PBXFileReference; fileEncoding = 4; lastKnownFileType = sourcecode.swift; path = Friend.swift; sourceTree = "<group>"; };
		8C7AAD1611A6145F09133251 /* FriendTableViewCell.swift */ = {isa = PBXFileReference; fileEncoding = 4; lastKnownFileType = sourcecode.swift; path = FriendTableViewCell.swift; sourceTree = "<group>"; };
		8C7AAD3CF3B289EBC61399C4 /* RegisterViewModel.swift */ = {isa = PBXFileReference; fileEncoding = 4; lastKnownFileType = sourcecode.swift; path = RegisterViewModel.swift; sourceTree = "<group>"; };
		8C7AAD582DD70EB64FBCEA4D /* InitialCircleView.swift */ = {isa = PBXFileReference; fileEncoding = 4; lastKnownFileType = sourcecode.swift; path = InitialCircleView.swift; sourceTree = "<group>"; };
		8C7AAD90516EE19EB8CFF456 /* UserRepository.swift */ = {isa = PBXFileReference; fileEncoding = 4; lastKnownFileType = sourcecode.swift; path = UserRepository.swift; sourceTree = "<group>"; };
		8C7AAD9D218B618BBC83FD2A /* MapView.swift */ = {isa = PBXFileReference; fileEncoding = 4; lastKnownFileType = sourcecode.swift; path = MapView.swift; sourceTree = "<group>"; };
		8C7AADF1093428D06F10143B /* MainTabBarController.swift */ = {isa = PBXFileReference; fileEncoding = 4; lastKnownFileType = sourcecode.swift; path = MainTabBarController.swift; sourceTree = "<group>"; };
		8C7AADF6A2C43DF9707AEC97 /* OnBoardingFlowController.swift */ = {isa = PBXFileReference; fileEncoding = 4; lastKnownFileType = sourcecode.swift; path = OnBoardingFlowController.swift; sourceTree = "<group>"; };
		8C7AAE0467F926AE2AADE31F /* Int+sketchSize.swift */ = {isa = PBXFileReference; fileEncoding = 4; lastKnownFileType = sourcecode.swift; path = "Int+sketchSize.swift"; sourceTree = "<group>"; };
		8C7AAE690E7E6F9095EC7C68 /* GoogleService-Info.plist */ = {isa = PBXFileReference; fileEncoding = 4; lastKnownFileType = text.plist.info; path = "GoogleService-Info.plist"; sourceTree = SOURCE_ROOT; };
		8C7AAEA0CF3098B0DD412F0C /* FriendsViewModel.swift */ = {isa = PBXFileReference; fileEncoding = 4; lastKnownFileType = sourcecode.swift; path = FriendsViewModel.swift; sourceTree = "<group>"; };
		8C7AAEE27F4187229120D574 /* GameCollectionViewCell.swift */ = {isa = PBXFileReference; fileEncoding = 4; lastKnownFileType = sourcecode.swift; path = GameCollectionViewCell.swift; sourceTree = "<group>"; };
		8C7AAF2B6DF5557EEA9042DD /* Base */ = {isa = PBXFileReference; lastKnownFileType = file.storyboard; name = Base; path = Base.lproj/LaunchScreen.storyboard; sourceTree = "<group>"; };
		8C7AAFAD829F4301EC4B8D6D /* FriendsTableViewController.swift */ = {isa = PBXFileReference; fileEncoding = 4; lastKnownFileType = sourcecode.swift; path = FriendsTableViewController.swift; sourceTree = "<group>"; };
		8C7AAFDD53CEF9FD143DE306 /* PersonDetailsRegistrationView.swift */ = {isa = PBXFileReference; fileEncoding = 4; lastKnownFileType = sourcecode.swift; path = PersonDetailsRegistrationView.swift; sourceTree = "<group>"; };
		AF88123AC6308BDEBE14A6CA /* Pods_CityGame.framework */ = {isa = PBXFileReference; explicitFileType = wrapper.framework; includeInIndex = 0; path = Pods_CityGame.framework; sourceTree = BUILT_PRODUCTS_DIR; };
		CF8CE4BC3B5C553264B9C61A /* Pods-CityGame.release.xcconfig */ = {isa = PBXFileReference; includeInIndex = 1; lastKnownFileType = text.xcconfig; name = "Pods-CityGame.release.xcconfig"; path = "Pods/Target Support Files/Pods-CityGame/Pods-CityGame.release.xcconfig"; sourceTree = "<group>"; };
/* End PBXFileReference section */

/* Begin PBXFrameworksBuildPhase section */
		8C7AA66960B7C4EE9F62C153 /* Frameworks */ = {
			isa = PBXFrameworksBuildPhase;
			buildActionMask = 2147483647;
			files = (
				49AEDC4E8A5A77692C356D30 /* Pods_CityGame.framework in Frameworks */,
			);
			runOnlyForDeploymentPostprocessing = 0;
		};
/* End PBXFrameworksBuildPhase section */

/* Begin PBXGroup section */
		7CAE9192DFAD963C765397FB /* Frameworks */ = {
			isa = PBXGroup;
			children = (
				AF88123AC6308BDEBE14A6CA /* Pods_CityGame.framework */,
			);
			name = Frameworks;
			sourceTree = "<group>";
		};
		8C7AA07B18C9B327CED86A54 /* Network */ = {
			isa = PBXGroup;
			children = (
				8C7AA66CA7DBC1CAE217C958 /* NetworkManager.swift */,
			);
			path = Network;
			sourceTree = "<group>";
		};
		8C7AA1175C78F6B21C491724 /* Extensions */ = {
			isa = PBXGroup;
			children = (
				8C7AAE0467F926AE2AADE31F /* Int+sketchSize.swift */,
				8C7AA87D3AE48FC5196654EB /* UIView+Snapkit.swift */,
				8C7AA225B28E0B1F2E570C11 /* UIColorExtension.swift */,
				8C7AA4562845F786A676522B /* CGFloat+sketchSize.swift */,
				8C7AA91DC9207B655A871D59 /* String+Localizable.swift */,
				8C7AA8F88DDA4C5EF3A902BE /* UIView+Gradient.swift */,
				8C7AA97636BAAB28F52AD47F /* SkyFloating+Color.swift */,
			);
			path = Extensions;
			sourceTree = "<group>";
		};
		8C7AA1F2B529EE0178739187 /* Cell */ = {
			isa = PBXGroup;
			children = (
				8C7AAD1611A6145F09133251 /* FriendTableViewCell.swift */,
				8C7AA1D31809A3F9602F36D4 /* FriendCellViewModel.swift */,
			);
			path = Cell;
			sourceTree = "<group>";
		};
		8C7AA20D3B35A37644E7FAE2 /* Register */ = {
			isa = PBXGroup;
			children = (
				8C7AA767EB58555E7CA614F3 /* RegisterView.swift */,
				8C7AA5E6B9DF8E2628B06B45 /* RegisterViewController.swift */,
				8C7AAD3CF3B289EBC61399C4 /* RegisterViewModel.swift */,
			);
			path = Register;
			sourceTree = "<group>";
		};
		8C7AA2BD5B5FFF65652A691F /* Products */ = {
			isa = PBXGroup;
			children = (
				8C7AA40C1A4368E96F0E9684 /* CityGame.app */,
			);
			name = Products;
			sourceTree = "<group>";
		};
		8C7AA3580CBD1B94F31EAC20 /* Friends */ = {
			isa = PBXGroup;
			children = (
				8C7AAFAD829F4301EC4B8D6D /* FriendsTableViewController.swift */,
				8C7AAEA0CF3098B0DD412F0C /* FriendsViewModel.swift */,
				8C7AAD0E20195396BB666E81 /* Friend.swift */,
				8C7AA1F2B529EE0178739187 /* Cell */,
			);
			path = Friends;
			sourceTree = "<group>";
		};
		8C7AA4242C76E3D27D42E3EA /* Password */ = {
			isa = PBXGroup;
			children = (
				8C7AA98C8AC6FD9D3E68C0C3 /* PasswordView.swift */,
				8C7AA5995BBB3031E211B094 /* PasswordViewController.swift */,
				8C7AA3481649D8D096C63430 /* PasswordViewModel.swift */,
			);
			path = Password;
			sourceTree = "<group>";
		};
		8C7AA63049AC3FCAB2F3C386 /* Groups */ = {
			isa = PBXGroup;
			children = (
				8C7AA2A006C3475024C24112 /* GroupsTableViewController.swift */,
				8C7AA99BC025F21067A3104E /* GroupsViewModel.swift */,
				8C7AA793466E9D1CEB1293EC /* Group.swift */,
			);
			path = Groups;
			sourceTree = "<group>";
		};
		8C7AA68E45B14EE6A98C52C9 /* Flows */ = {
			isa = PBXGroup;
			children = (
				8C7AA9DA5562B78F8A0124BF /* FlowController.swift */,
				8C7AAC0E353DA0EB9C8B54C0 /* MapFlowController.swift */,
				8C7AACD0662AE187DB6EE609 /* MainFlowController.swift */,
				8C7AADF6A2C43DF9707AEC97 /* OnBoardingFlowController.swift */,
				8C7AA92A5DAC421365279DE2 /* GameFlowController.swift */,
			);
			path = Flows;
			sourceTree = "<group>";
		};
		8C7AA82246E4EBD6FA9D23E1 /* Repositories */ = {
			isa = PBXGroup;
			children = (
				8C7AAD90516EE19EB8CFF456 /* UserRepository.swift */,
			);
			path = Repositories;
			sourceTree = "<group>";
		};
		8C7AA8E53A630CF5C83F1CD0 /* Game */ = {
			isa = PBXGroup;
			children = (
				8C7AA61A4A5C9B28E76F75A1 /* GameView.swift */,
				8C7AAB63E71E643D73D881AA /* GameViewController.swift */,
				8C7AAA635B38D463FD275124 /* GameViewModel.swift */,
				8C7AAEE27F4187229120D574 /* GameCollectionViewCell.swift */,
			);
			path = Game;
			sourceTree = "<group>";
		};
		8C7AA9FAD0746C175248E9E6 /* Home */ = {
			isa = PBXGroup;
			children = (
				8C7AAB698AE1162BE33532D1 /* WelcomeView.swift */,
				8C7AA1677E2FB18448D60A53 /* WelcomeViewController.swift */,
				8C7AAC12ECC8E6369A56F06B /* WelcomeViewModel.swift */,
			);
			path = Home;
			sourceTree = "<group>";
		};
		8C7AAA81D0B586B4A7941C90 /* Login */ = {
			isa = PBXGroup;
			children = (
				8C7AA68B7E72049DCD338EA7 /* LoginView.swift */,
				8C7AA6DF35D00767864027B6 /* LoginViewController.swift */,
				8C7AA307D952CC32EE77040C /* LoginViewModel.swift */,
				8C7AA20D3B35A37644E7FAE2 /* Register */,
				8C7AA9FAD0746C175248E9E6 /* Home */,
			);
			path = Login;
			sourceTree = "<group>";
		};
		8C7AAAD3AA3571FCF190A599 /* Registration */ = {
			isa = PBXGroup;
			children = (
				8C7AAF2A662DF123839065A5 /* PersonDetails */,
				8C7AA4242C76E3D27D42E3EA /* Password */,
			);
			path = Registration;
			sourceTree = "<group>";
		};
		8C7AACFC6DA2A78F5061FF79 = {
			isa = PBXGroup;
			children = (
				8C7AA2BD5B5FFF65652A691F /* Products */,
				8C7AAD94F1F1852290AD270C /* CityGame */,
				9D518A304916729FE14D6B78 /* Pods */,
				7CAE9192DFAD963C765397FB /* Frameworks */,
			);
			sourceTree = "<group>";
		};
		8C7AAD94F1F1852290AD270C /* CityGame */ = {
			isa = PBXGroup;
			children = (
				8C7AACE86C6C961616213FF3 /* Info.plist */,
				8C7AAB28D4B3D8418B2DDBD7 /* Assets.xcassets */,
				8C7AA45199551694270F7D05 /* LaunchScreen.storyboard */,
				8C7AA0EB86A3D9B855185175 /* AppDelegate.swift */,
				8C7AA1175C78F6B21C491724 /* Extensions */,
				8C7AA68E45B14EE6A98C52C9 /* Flows */,
				8C7AAA81D0B586B4A7941C90 /* Login */,
				8C7AA07B18C9B327CED86A54 /* Network */,
				8C7AA82246E4EBD6FA9D23E1 /* Repositories */,
				8C7AAFA71C961025975532CB /* Utils */,
				7BDF6BA52252B67F005D0D54 /* Localizable.strings */,
				8C7AAFB8760B988A4EA78388 /* Map */,
				8C7AADF1093428D06F10143B /* MainTabBarController.swift */,
				8C7AA3580CBD1B94F31EAC20 /* Friends */,
				8C7AA63049AC3FCAB2F3C386 /* Groups */,
				8C7AAAD3AA3571FCF190A599 /* Registration */,
				8C7AA18E544B97FAEB031377 /* DateFormatter.swift */,
				8C7AAE690E7E6F9095EC7C68 /* GoogleService-Info.plist */,
				8C7AA8E53A630CF5C83F1CD0 /* Game */,
			);
			path = CityGame;
			sourceTree = "<group>";
		};
		8C7AAF2A662DF123839065A5 /* PersonDetails */ = {
			isa = PBXGroup;
			children = (
				8C7AA292CC396860CCE31939 /* PersonDetailsRegistrationViewController.swift */,
				8C7AAFDD53CEF9FD143DE306 /* PersonDetailsRegistrationView.swift */,
				8C7AA99721E6E933BDB0C93D /* PersonDetailsRegistrationViewModel.swift */,
			);
			path = PersonDetails;
			sourceTree = "<group>";
		};
		8C7AAFA71C961025975532CB /* Utils */ = {
			isa = PBXGroup;
			children = (
				8C7AA04872C97BB858B66FBD /* Colors.swift */,
				8C7AAD582DD70EB64FBCEA4D /* InitialCircleView.swift */,
				8C7AA1C4CDDB30167E82C012 /* InitialsCreator.swift */,
				8C7AA72D76398A8ED180C7AA /* RoundedButton.swift */,
			);
			path = Utils;
			sourceTree = "<group>";
		};
		8C7AAFB8760B988A4EA78388 /* Map */ = {
			isa = PBXGroup;
			children = (
				8C7AAD9D218B618BBC83FD2A /* MapView.swift */,
				8C7AA0D34CEAE7DE026AC2F8 /* MapViewModel.swift */,
				8C7AA503C4618B382EC769B5 /* MapViewController.swift */,
			);
			path = Map;
			sourceTree = "<group>";
		};
		9D518A304916729FE14D6B78 /* Pods */ = {
			isa = PBXGroup;
			children = (
				5375B4DF4584E77E7007F4CB /* Pods-CityGame.debug.xcconfig */,
				CF8CE4BC3B5C553264B9C61A /* Pods-CityGame.release.xcconfig */,
			);
			name = Pods;
			sourceTree = "<group>";
		};
/* End PBXGroup section */

/* Begin PBXNativeTarget section */
		8C7AA2E1933022EF0E312B34 /* CityGame */ = {
			isa = PBXNativeTarget;
			buildConfigurationList = 8C7AA58731CEBCEE80FC4B54 /* Build configuration list for PBXNativeTarget "CityGame" */;
			buildPhases = (
				F16D4B637667E8A064C5A412 /* [CP] Check Pods Manifest.lock */,
				8C7AACF0CA2EA5C3F267D76C /* Sources */,
				8C7AA66960B7C4EE9F62C153 /* Frameworks */,
				8C7AAA79C24FCFB076411B38 /* Resources */,
				73AFCA20AFB1606B87558EF0 /* [CP] Embed Pods Frameworks */,
			);
			buildRules = (
			);
			dependencies = (
			);
			name = CityGame;
			productName = CityGame;
			productReference = 8C7AA40C1A4368E96F0E9684 /* CityGame.app */;
			productType = "com.apple.product-type.application";
		};
/* End PBXNativeTarget section */

/* Begin PBXProject section */
		8C7AAE1DB9FCF0FD4F92F4A2 /* Project object */ = {
			isa = PBXProject;
			attributes = {
				ORGANIZATIONNAME = "Apolej Developer";
			};
			buildConfigurationList = 8C7AAEFB8DCFC4F84D79D02A /* Build configuration list for PBXProject "CityGame" */;
			compatibilityVersion = "Xcode 3.2";
			developmentRegion = English;
			hasScannedForEncodings = 0;
			knownRegions = (
				English,
				en,
				pl,
				Base,
			);
			mainGroup = 8C7AACFC6DA2A78F5061FF79;
			productRefGroup = 8C7AA2BD5B5FFF65652A691F /* Products */;
			projectDirPath = "";
			projectRoot = "";
			targets = (
				8C7AA2E1933022EF0E312B34 /* CityGame */,
			);
		};
/* End PBXProject section */

/* Begin PBXResourcesBuildPhase section */
		8C7AAA79C24FCFB076411B38 /* Resources */ = {
			isa = PBXResourcesBuildPhase;
			buildActionMask = 2147483647;
			files = (
				8C7AA6AE12FED1AC5BF29848 /* Assets.xcassets in Resources */,
				7BDF6BA72252B67F005D0D54 /* Localizable.strings in Resources */,
				8C7AA33877B07E6DB7AE0607 /* LaunchScreen.storyboard in Resources */,
				8C7AA012E4647B3CF8D211D5 /* GoogleService-Info.plist in Resources */,
			);
			runOnlyForDeploymentPostprocessing = 0;
		};
/* End PBXResourcesBuildPhase section */

/* Begin PBXShellScriptBuildPhase section */
		73AFCA20AFB1606B87558EF0 /* [CP] Embed Pods Frameworks */ = {
			isa = PBXShellScriptBuildPhase;
			buildActionMask = 2147483647;
			files = (
			);
			inputFileListPaths = (
			);
			inputPaths = (
				"${SRCROOT}/Pods/Target Support Files/Pods-CityGame/Pods-CityGame-frameworks.sh",
				"${BUILT_PRODUCTS_DIR}/Alamofire/Alamofire.framework",
				"${BUILT_PRODUCTS_DIR}/ChameleonFramework/ChameleonFramework.framework",
				"${BUILT_PRODUCTS_DIR}/GTMSessionFetcher/GTMSessionFetcher.framework",
				"${BUILT_PRODUCTS_DIR}/GoogleUtilities/GoogleUtilities.framework",
				"${BUILT_PRODUCTS_DIR}/ObjectMapper/ObjectMapper.framework",
				"${BUILT_PRODUCTS_DIR}/SkyFloatingLabelTextField/SkyFloatingLabelTextField.framework",
				"${BUILT_PRODUCTS_DIR}/SnapKit/SnapKit.framework",
				"${BUILT_PRODUCTS_DIR}/StatusAlert/StatusAlert.framework",
				"${BUILT_PRODUCTS_DIR}/SwiftyBeaver/SwiftyBeaver.framework",
				"${BUILT_PRODUCTS_DIR}/nanopb/nanopb.framework",
			);
			name = "[CP] Embed Pods Frameworks";
			outputFileListPaths = (
			);
			outputPaths = (
				"${TARGET_BUILD_DIR}/${FRAMEWORKS_FOLDER_PATH}/Alamofire.framework",
				"${TARGET_BUILD_DIR}/${FRAMEWORKS_FOLDER_PATH}/ChameleonFramework.framework",
				"${TARGET_BUILD_DIR}/${FRAMEWORKS_FOLDER_PATH}/GTMSessionFetcher.framework",
				"${TARGET_BUILD_DIR}/${FRAMEWORKS_FOLDER_PATH}/GoogleUtilities.framework",
				"${TARGET_BUILD_DIR}/${FRAMEWORKS_FOLDER_PATH}/ObjectMapper.framework",
				"${TARGET_BUILD_DIR}/${FRAMEWORKS_FOLDER_PATH}/SkyFloatingLabelTextField.framework",
				"${TARGET_BUILD_DIR}/${FRAMEWORKS_FOLDER_PATH}/SnapKit.framework",
				"${TARGET_BUILD_DIR}/${FRAMEWORKS_FOLDER_PATH}/StatusAlert.framework",
				"${TARGET_BUILD_DIR}/${FRAMEWORKS_FOLDER_PATH}/SwiftyBeaver.framework",
				"${TARGET_BUILD_DIR}/${FRAMEWORKS_FOLDER_PATH}/nanopb.framework",
			);
			runOnlyForDeploymentPostprocessing = 0;
			shellPath = /bin/sh;
			shellScript = "\"${SRCROOT}/Pods/Target Support Files/Pods-CityGame/Pods-CityGame-frameworks.sh\"\n";
			showEnvVarsInLog = 0;
		};
		F16D4B637667E8A064C5A412 /* [CP] Check Pods Manifest.lock */ = {
			isa = PBXShellScriptBuildPhase;
			buildActionMask = 2147483647;
			files = (
			);
			inputFileListPaths = (
			);
			inputPaths = (
				"${PODS_PODFILE_DIR_PATH}/Podfile.lock",
				"${PODS_ROOT}/Manifest.lock",
			);
			name = "[CP] Check Pods Manifest.lock";
			outputFileListPaths = (
			);
			outputPaths = (
				"$(DERIVED_FILE_DIR)/Pods-CityGame-checkManifestLockResult.txt",
			);
			runOnlyForDeploymentPostprocessing = 0;
			shellPath = /bin/sh;
			shellScript = "diff \"${PODS_PODFILE_DIR_PATH}/Podfile.lock\" \"${PODS_ROOT}/Manifest.lock\" > /dev/null\nif [ $? != 0 ] ; then\n    # print error to STDERR\n    echo \"error: The sandbox is not in sync with the Podfile.lock. Run 'pod install' or update your CocoaPods installation.\" >&2\n    exit 1\nfi\n# This output is used by Xcode 'outputs' to avoid re-running this script phase.\necho \"SUCCESS\" > \"${SCRIPT_OUTPUT_FILE_0}\"\n";
			showEnvVarsInLog = 0;
		};
/* End PBXShellScriptBuildPhase section */

/* Begin PBXSourcesBuildPhase section */
		8C7AACF0CA2EA5C3F267D76C /* Sources */ = {
			isa = PBXSourcesBuildPhase;
			buildActionMask = 2147483647;
			files = (
				8C7AA7A2B0857962EE479771 /* AppDelegate.swift in Sources */,
				8C7AACD9F2540989A33EE6D6 /* Int+sketchSize.swift in Sources */,
				8C7AACA8372761F3B57438F2 /* UIView+Snapkit.swift in Sources */,
				8C7AA3885423C6899E4462EF /* UIColorExtension.swift in Sources */,
				8C7AA1B7166FCCB43B753EC8 /* CGFloat+sketchSize.swift in Sources */,
				8C7AAAF37A832647DDBFB7DC /* String+Localizable.swift in Sources */,
				8C7AA37DAC857A0A0875105F /* FlowController.swift in Sources */,
				8C7AA7450746C75E7814149C /* MapFlowController.swift in Sources */,
				8C7AA082A523B7F0C2A6A5C1 /* MainFlowController.swift in Sources */,
				8C7AA6CFCBCF0927430184CF /* OnBoardingFlowController.swift in Sources */,
				8C7AAB5D89BDD4B342754D94 /* NetworkManager.swift in Sources */,
				8C7AA4881941CF6AE1E42D39 /* UserRepository.swift in Sources */,
				8C7AA4E59C15AC72FFFDA9FC /* Colors.swift in Sources */,
				8C7AA58767ED22E13978BCBF /* MapView.swift in Sources */,
				8C7AABCDD09E658D2C80969E /* MapViewModel.swift in Sources */,
				8C7AAD69B30BF1C40B33453B /* MapViewController.swift in Sources */,
				8C7AAD5FBF29F5AE5A7F6838 /* MainTabBarController.swift in Sources */,
				8C7AA1635CB320BF41FC7418 /* FriendsTableViewController.swift in Sources */,
				8C7AAC50741CACF4C9FF0C2B /* FriendsViewModel.swift in Sources */,
				8C7AA381FD7885FD21DD690B /* GroupsTableViewController.swift in Sources */,
				8C7AA4DD9ADDAB34C61A24AD /* GroupsViewModel.swift in Sources */,
				8C7AAB1BBB339F68A6CDC0E5 /* Friend.swift in Sources */,
				8C7AAEFA92FC801F60F53D12 /* Group.swift in Sources */,
				8C7AA30C59CE1BA44DCDCBE1 /* FriendTableViewCell.swift in Sources */,
				8C7AA9724271A58FA150BD94 /* FriendCellViewModel.swift in Sources */,
				8C7AAA538714735C26CC4723 /* InitialCircleView.swift in Sources */,
				8C7AA32E0FF45406F8537A26 /* InitialsCreator.swift in Sources */,
				8C7AA66E27556E1548EE172A /* PasswordView.swift in Sources */,
				8C7AACE87FCC55587EDF1E8E /* PasswordViewController.swift in Sources */,
				8C7AA7758438165B5EE7126A /* PasswordViewModel.swift in Sources */,
				8C7AA7DBD9A2CAD2CAC7F4ED /* PersonDetailsRegistrationViewController.swift in Sources */,
				8C7AA15D1953EF6E9F2E6C6B /* PersonDetailsRegistrationView.swift in Sources */,
				8C7AA0E32A8931CB4A90CEBA /* PersonDetailsRegistrationViewModel.swift in Sources */,
				8C7AA4A2194E34FE02344DAF /* RoundedButton.swift in Sources */,
				8C7AA2E4BA99CA11A1CB50BD /* DateFormatter.swift in Sources */,
				8C7AA343316191B8C502B6D7 /* UIView+Gradient.swift in Sources */,
				8C7AAF7B681A2FE1D6AD26E4 /* LoginView.swift in Sources */,
				8C7AAC044AC4593242DD2026 /* LoginViewController.swift in Sources */,
				8C7AA37BEBE6C5F27C38FA69 /* LoginViewModel.swift in Sources */,
				8C7AA42B3FE7A013F73EAE27 /* RegisterView.swift in Sources */,
				8C7AA3258F9F1931635D62D7 /* RegisterViewController.swift in Sources */,
				8C7AAE9D2EA2249FF0AD26B2 /* RegisterViewModel.swift in Sources */,
				8C7AA3F78FD41FB8F52DBF69 /* WelcomeView.swift in Sources */,
				8C7AA5050FE3588E9087BBA8 /* WelcomeViewController.swift in Sources */,
				8C7AA4D659906002813C5207 /* WelcomeViewModel.swift in Sources */,
				8C7AAFAB84FBD62EC7BA6AEC /* SkyFloating+Color.swift in Sources */,
				8C7AA35BC887BC081C43A0C3 /* GameFlowController.swift in Sources */,
				8C7AA3CC9420A5401FF6EE20 /* GameView.swift in Sources */,
				8C7AA5B91B3D4C011E83C343 /* GameViewController.swift in Sources */,
				8C7AA525713CFDE1DB92A552 /* GameViewModel.swift in Sources */,
				8C7AA64F893222FD08EDD611 /* GameCollectionViewCell.swift in Sources */,
			);
			runOnlyForDeploymentPostprocessing = 0;
		};
/* End PBXSourcesBuildPhase section */

/* Begin PBXVariantGroup section */
		7BDF6BA52252B67F005D0D54 /* Localizable.strings */ = {
			isa = PBXVariantGroup;
			children = (
				7BDF6BA62252B67F005D0D54 /* Base */,
				7BDF6BA82252B687005D0D54 /* pl */,
			);
			name = Localizable.strings;
			sourceTree = "<group>";
		};
		8C7AA45199551694270F7D05 /* LaunchScreen.storyboard */ = {
			isa = PBXVariantGroup;
			children = (
				8C7AAF2B6DF5557EEA9042DD /* Base */,
				7BDF6B9E2252B46D005D0D54 /* pl */,
			);
			name = LaunchScreen.storyboard;
			sourceTree = "<group>";
		};
/* End PBXVariantGroup section */

/* Begin XCBuildConfiguration section */
		8C7AA10D4FF19A4A8536E59E /* Debug */ = {
			isa = XCBuildConfiguration;
			buildSettings = {
				ALWAYS_SEARCH_USER_PATHS = NO;
				CLANG_ANALYZER_LOCALIZABILITY_NONLOCALIZED = YES;
				CLANG_ANALYZER_NONNULL = YES;
				CLANG_ANALYZER_NUMBER_OBJECT_CONVERSION = YES_AGGRESSIVE;
				CLANG_CXX_LANGUAGE_STANDARD = "gnu++14";
				CLANG_CXX_LIBRARY = "libc++";
				CLANG_ENABLE_MODULES = YES;
				CLANG_ENABLE_OBJC_ARC = YES;
				CLANG_ENABLE_OBJC_WEAK = YES;
				CLANG_WARN_BLOCK_CAPTURE_AUTORELEASING = YES;
				CLANG_WARN_BOOL_CONVERSION = YES;
				CLANG_WARN_COMMA = YES;
				CLANG_WARN_CONSTANT_CONVERSION = YES;
				CLANG_WARN_DEPRECATED_OBJC_IMPLEMENTATIONS = YES;
				CLANG_WARN_DIRECT_OBJC_ISA_USAGE = YES_ERROR;
				CLANG_WARN_DOCUMENTATION_COMMENTS = YES;
				CLANG_WARN_EMPTY_BODY = YES;
				CLANG_WARN_ENUM_CONVERSION = YES;
				CLANG_WARN_INFINITE_RECURSION = YES;
				CLANG_WARN_INT_CONVERSION = YES;
				CLANG_WARN_NON_LITERAL_NULL_CONVERSION = YES;
				CLANG_WARN_OBJC_IMPLICIT_RETAIN_SELF = YES;
				CLANG_WARN_OBJC_LITERAL_CONVERSION = YES;
				CLANG_WARN_OBJC_ROOT_CLASS = YES_ERROR;
				CLANG_WARN_RANGE_LOOP_ANALYSIS = YES;
				CLANG_WARN_STRICT_PROTOTYPES = YES;
				CLANG_WARN_SUSPICIOUS_MOVE = YES;
				CLANG_WARN_UNGUARDED_AVAILABILITY = YES_AGGRESSIVE;
				CLANG_WARN_UNREACHABLE_CODE = YES;
				CLANG_WARN__DUPLICATE_METHOD_MATCH = YES;
				CODE_SIGN_IDENTITY = "iPhone Developer";
				COPY_PHASE_STRIP = NO;
				DEBUG_INFORMATION_FORMAT = dwarf;
				ENABLE_STRICT_OBJC_MSGSEND = YES;
				ENABLE_TESTABILITY = YES;
				GCC_C_LANGUAGE_STANDARD = gnu11;
				GCC_DYNAMIC_NO_PIC = NO;
				GCC_NO_COMMON_BLOCKS = YES;
				GCC_OPTIMIZATION_LEVEL = 0;
				GCC_PREPROCESSOR_DEFINITIONS = (
					"DEBUG=1",
					"$(inherited)",
				);
				GCC_WARN_64_TO_32_BIT_CONVERSION = YES;
				GCC_WARN_ABOUT_RETURN_TYPE = YES_ERROR;
				GCC_WARN_UNDECLARED_SELECTOR = YES;
				GCC_WARN_UNINITIALIZED_AUTOS = YES_AGGRESSIVE;
				GCC_WARN_UNUSED_FUNCTION = YES;
				GCC_WARN_UNUSED_VARIABLE = YES;
				IPHONEOS_DEPLOYMENT_TARGET = 12.1;
				MTL_ENABLE_DEBUG_INFO = INCLUDE_SOURCE;
				MTL_FAST_MATH = YES;
				ONLY_ACTIVE_ARCH = YES;
				SDKROOT = iphoneos;
				SWIFT_ACTIVE_COMPILATION_CONDITIONS = DEBUG;
				SWIFT_OPTIMIZATION_LEVEL = "-Onone";
			};
			name = Debug;
		};
		8C7AA4B23F6E609F7E45AA22 /* Release */ = {
			isa = XCBuildConfiguration;
			baseConfigurationReference = CF8CE4BC3B5C553264B9C61A /* Pods-CityGame.release.xcconfig */;
			buildSettings = {
				ASSETCATALOG_COMPILER_APPICON_NAME = AppIcon;
				DEVELOPMENT_TEAM = "";
				INFOPLIST_FILE = CityGame/Info.plist;
				LD_RUNPATH_SEARCH_PATHS = "$(inherited) @executable_path/Frameworks";
				PRODUCT_BUNDLE_IDENTIFIER = com.apolejDeveloper.CityGame;
				PRODUCT_NAME = "$(TARGET_NAME)";
				SWIFT_VERSION = 4.2;
				TARGETED_DEVICE_FAMILY = "1,2";
			};
			name = Release;
		};
		8C7AA6CBA5CB8D09BD734AC8 /* Debug */ = {
			isa = XCBuildConfiguration;
			baseConfigurationReference = 5375B4DF4584E77E7007F4CB /* Pods-CityGame.debug.xcconfig */;
			buildSettings = {
				ASSETCATALOG_COMPILER_APPICON_NAME = AppIcon;
				DEVELOPMENT_TEAM = "";
				INFOPLIST_FILE = CityGame/Info.plist;
				LD_RUNPATH_SEARCH_PATHS = "$(inherited) @executable_path/Frameworks";
				PRODUCT_BUNDLE_IDENTIFIER = com.apolejDeveloper.CityGame;
				PRODUCT_NAME = "$(TARGET_NAME)";
				SWIFT_VERSION = 4.2;
				TARGETED_DEVICE_FAMILY = "1,2";
			};
			name = Debug;
		};
		8C7AAE3B77F31E9A891E158E /* Release */ = {
			isa = XCBuildConfiguration;
			buildSettings = {
				ALWAYS_SEARCH_USER_PATHS = NO;
				CLANG_ANALYZER_LOCALIZABILITY_NONLOCALIZED = YES;
				CLANG_ANALYZER_NONNULL = YES;
				CLANG_ANALYZER_NUMBER_OBJECT_CONVERSION = YES_AGGRESSIVE;
				CLANG_CXX_LANGUAGE_STANDARD = "gnu++14";
				CLANG_CXX_LIBRARY = "libc++";
				CLANG_ENABLE_MODULES = YES;
				CLANG_ENABLE_OBJC_ARC = YES;
				CLANG_ENABLE_OBJC_WEAK = YES;
				CLANG_WARN_BLOCK_CAPTURE_AUTORELEASING = YES;
				CLANG_WARN_BOOL_CONVERSION = YES;
				CLANG_WARN_COMMA = YES;
				CLANG_WARN_CONSTANT_CONVERSION = YES;
				CLANG_WARN_DEPRECATED_OBJC_IMPLEMENTATIONS = YES;
				CLANG_WARN_DIRECT_OBJC_ISA_USAGE = YES_ERROR;
				CLANG_WARN_DOCUMENTATION_COMMENTS = YES;
				CLANG_WARN_EMPTY_BODY = YES;
				CLANG_WARN_ENUM_CONVERSION = YES;
				CLANG_WARN_INFINITE_RECURSION = YES;
				CLANG_WARN_INT_CONVERSION = YES;
				CLANG_WARN_NON_LITERAL_NULL_CONVERSION = YES;
				CLANG_WARN_OBJC_IMPLICIT_RETAIN_SELF = YES;
				CLANG_WARN_OBJC_LITERAL_CONVERSION = YES;
				CLANG_WARN_OBJC_ROOT_CLASS = YES_ERROR;
				CLANG_WARN_RANGE_LOOP_ANALYSIS = YES;
				CLANG_WARN_STRICT_PROTOTYPES = YES;
				CLANG_WARN_SUSPICIOUS_MOVE = YES;
				CLANG_WARN_UNGUARDED_AVAILABILITY = YES_AGGRESSIVE;
				CLANG_WARN_UNREACHABLE_CODE = YES;
				CLANG_WARN__DUPLICATE_METHOD_MATCH = YES;
				CODE_SIGN_IDENTITY = "iPhone Developer";
				COPY_PHASE_STRIP = NO;
				DEBUG_INFORMATION_FORMAT = "dwarf-with-dsym";
				ENABLE_NS_ASSERTIONS = NO;
				ENABLE_STRICT_OBJC_MSGSEND = YES;
				GCC_C_LANGUAGE_STANDARD = gnu11;
				GCC_NO_COMMON_BLOCKS = YES;
				GCC_WARN_64_TO_32_BIT_CONVERSION = YES;
				GCC_WARN_ABOUT_RETURN_TYPE = YES_ERROR;
				GCC_WARN_UNDECLARED_SELECTOR = YES;
				GCC_WARN_UNINITIALIZED_AUTOS = YES_AGGRESSIVE;
				GCC_WARN_UNUSED_FUNCTION = YES;
				GCC_WARN_UNUSED_VARIABLE = YES;
				IPHONEOS_DEPLOYMENT_TARGET = 12.1;
				MTL_ENABLE_DEBUG_INFO = NO;
				MTL_FAST_MATH = YES;
				SDKROOT = iphoneos;
				SWIFT_OPTIMIZATION_LEVEL = "-Owholemodule";
				VALIDATE_PRODUCT = YES;
			};
			name = Release;
		};
/* End XCBuildConfiguration section */

/* Begin XCConfigurationList section */
		8C7AA58731CEBCEE80FC4B54 /* Build configuration list for PBXNativeTarget "CityGame" */ = {
			isa = XCConfigurationList;
			buildConfigurations = (
				8C7AA6CBA5CB8D09BD734AC8 /* Debug */,
				8C7AA4B23F6E609F7E45AA22 /* Release */,
			);
			defaultConfigurationIsVisible = 0;
			defaultConfigurationName = Release;
		};
		8C7AAEFB8DCFC4F84D79D02A /* Build configuration list for PBXProject "CityGame" */ = {
			isa = XCConfigurationList;
			buildConfigurations = (
				8C7AA10D4FF19A4A8536E59E /* Debug */,
				8C7AAE3B77F31E9A891E158E /* Release */,
			);
			defaultConfigurationIsVisible = 0;
			defaultConfigurationName = Release;
		};
/* End XCConfigurationList section */
	};
	rootObject = 8C7AAE1DB9FCF0FD4F92F4A2 /* Project object */;
}
